// !$*UTF8*$!
{
	archiveVersion = 1;
	classes = {
	};
	objectVersion = 56;
	objects = {

/* Begin PBXBuildFile section */
		BE0B45EC2AF01838005F0391 /* ReadingTextFromTextField.swift in Sources */ = {isa = PBXBuildFile; fileRef = BE0B45EB2AF01838005F0391 /* ReadingTextFromTextField.swift */; };
		BE83746C2AEED9F200487064 /* BasicsApp.swift in Sources */ = {isa = PBXBuildFile; fileRef = BE83746B2AEED9F200487064 /* BasicsApp.swift */; };
		BE83746E2AEED9F200487064 /* CreatingViewsInLoop.swift in Sources */ = {isa = PBXBuildFile; fileRef = BE83746D2AEED9F200487064 /* CreatingViewsInLoop.swift */; };
		BE8374702AEED9F300487064 /* Assets.xcassets in Resources */ = {isa = PBXBuildFile; fileRef = BE83746F2AEED9F300487064 /* Assets.xcassets */; };
		BE8374732AEED9F300487064 /* Preview Assets.xcassets in Resources */ = {isa = PBXBuildFile; fileRef = BE8374722AEED9F300487064 /* Preview Assets.xcassets */; };
		BE83747A2AEEE02A00487064 /* CreatingForm.swift in Sources */ = {isa = PBXBuildFile; fileRef = BE8374792AEEE02A00487064 /* CreatingForm.swift */; };
		BE83747C2AEEE1F500487064 /* AddingNavigationBar.swift in Sources */ = {isa = PBXBuildFile; fileRef = BE83747B2AEEE1F500487064 /* AddingNavigationBar.swift */; };
		BE83747E2AEEE49100487064 /* ModifyingProgramState.swift in Sources */ = {isa = PBXBuildFile; fileRef = BE83747D2AEEE49100487064 /* ModifyingProgramState.swift */; };
		BE8374802AEEE6B000487064 /* CreatingPickersInForm.swift in Sources */ = {isa = PBXBuildFile; fileRef = BE83747F2AEEE6B000487064 /* CreatingPickersInForm.swift */; };
/* End PBXBuildFile section */

/* Begin PBXFileReference section */
		BE0B45EB2AF01838005F0391 /* ReadingTextFromTextField.swift */ = {isa = PBXFileReference; lastKnownFileType = sourcecode.swift; path = ReadingTextFromTextField.swift; sourceTree = "<group>"; };
		BE8374682AEED9F200487064 /* Basics.app */ = {isa = PBXFileReference; explicitFileType = wrapper.application; includeInIndex = 0; path = Basics.app; sourceTree = BUILT_PRODUCTS_DIR; };
		BE83746B2AEED9F200487064 /* BasicsApp.swift */ = {isa = PBXFileReference; lastKnownFileType = sourcecode.swift; path = BasicsApp.swift; sourceTree = "<group>"; };
		BE83746D2AEED9F200487064 /* CreatingViewsInLoop.swift */ = {isa = PBXFileReference; lastKnownFileType = sourcecode.swift; path = CreatingViewsInLoop.swift; sourceTree = "<group>"; };
		BE83746F2AEED9F300487064 /* Assets.xcassets */ = {isa = PBXFileReference; lastKnownFileType = folder.assetcatalog; path = Assets.xcassets; sourceTree = "<group>"; };
		BE8374722AEED9F300487064 /* Preview Assets.xcassets */ = {isa = PBXFileReference; lastKnownFileType = folder.assetcatalog; path = "Preview Assets.xcassets"; sourceTree = "<group>"; };
		BE8374792AEEE02A00487064 /* CreatingForm.swift */ = {isa = PBXFileReference; lastKnownFileType = sourcecode.swift; path = CreatingForm.swift; sourceTree = "<group>"; };
		BE83747B2AEEE1F500487064 /* AddingNavigationBar.swift */ = {isa = PBXFileReference; lastKnownFileType = sourcecode.swift; path = AddingNavigationBar.swift; sourceTree = "<group>"; };
		BE83747D2AEEE49100487064 /* ModifyingProgramState.swift */ = {isa = PBXFileReference; lastKnownFileType = sourcecode.swift; path = ModifyingProgramState.swift; sourceTree = "<group>"; };
		BE83747F2AEEE6B000487064 /* CreatingPickersInForm.swift */ = {isa = PBXFileReference; lastKnownFileType = sourcecode.swift; path = CreatingPickersInForm.swift; sourceTree = "<group>"; };
/* End PBXFileReference section */

/* Begin PBXFrameworksBuildPhase section */
		BE8374652AEED9F200487064 /* Frameworks */ = {
			isa = PBXFrameworksBuildPhase;
			buildActionMask = 2147483647;
			files = (
			);
			runOnlyForDeploymentPostprocessing = 0;
		};
/* End PBXFrameworksBuildPhase section */

/* Begin PBXGroup section */
		BE83745F2AEED9F200487064 = {
			isa = PBXGroup;
			children = (
				BE83746A2AEED9F200487064 /* Basics */,
				BE8374692AEED9F200487064 /* Products */,
			);
			sourceTree = "<group>";
		};
		BE8374692AEED9F200487064 /* Products */ = {
			isa = PBXGroup;
			children = (
				BE8374682AEED9F200487064 /* Basics.app */,
			);
			name = Products;
			sourceTree = "<group>";
		};
		BE83746A2AEED9F200487064 /* Basics */ = {
			isa = PBXGroup;
			children = (
				BE83746B2AEED9F200487064 /* BasicsApp.swift */,
				BE83746D2AEED9F200487064 /* CreatingViewsInLoop.swift */,
				BE8374792AEEE02A00487064 /* CreatingForm.swift */,
				BE83747B2AEEE1F500487064 /* AddingNavigationBar.swift */,
				BE83747D2AEEE49100487064 /* ModifyingProgramState.swift */,
				BE83747F2AEEE6B000487064 /* CreatingPickersInForm.swift */,
				BE0B45EB2AF01838005F0391 /* ReadingTextFromTextField.swift */,
				BE83746F2AEED9F300487064 /* Assets.xcassets */,
				BE8374712AEED9F300487064 /* Preview Content */,
			);
			path = Basics;
			sourceTree = "<group>";
		};
		BE8374712AEED9F300487064 /* Preview Content */ = {
			isa = PBXGroup;
			children = (
				BE8374722AEED9F300487064 /* Preview Assets.xcassets */,
			);
			path = "Preview Content";
			sourceTree = "<group>";
		};
/* End PBXGroup section */

/* Begin PBXNativeTarget section */
		BE8374672AEED9F200487064 /* Basics */ = {
			isa = PBXNativeTarget;
			buildConfigurationList = BE8374762AEED9F300487064 /* Build configuration list for PBXNativeTarget "Basics" */;
			buildPhases = (
				BE8374642AEED9F200487064 /* Sources */,
				BE8374652AEED9F200487064 /* Frameworks */,
				BE8374662AEED9F200487064 /* Resources */,
			);
			buildRules = (
			);
			dependencies = (
			);
			name = Basics;
			productName = Basics;
			productReference = BE8374682AEED9F200487064 /* Basics.app */;
			productType = "com.apple.product-type.application";
		};
/* End PBXNativeTarget section */

/* Begin PBXProject section */
		BE8374602AEED9F200487064 /* Project object */ = {
			isa = PBXProject;
			attributes = {
				BuildIndependentTargetsInParallel = 1;
				LastSwiftUpdateCheck = 1430;
				LastUpgradeCheck = 1430;
				TargetAttributes = {
					BE8374672AEED9F200487064 = {
						CreatedOnToolsVersion = 14.3.1;
					};
				};
			};
			buildConfigurationList = BE8374632AEED9F200487064 /* Build configuration list for PBXProject "Basics" */;
			compatibilityVersion = "Xcode 14.0";
			developmentRegion = en;
			hasScannedForEncodings = 0;
			knownRegions = (
				en,
				Base,
			);
			mainGroup = BE83745F2AEED9F200487064;
			productRefGroup = BE8374692AEED9F200487064 /* Products */;
			projectDirPath = "";
			projectRoot = "";
			targets = (
				BE8374672AEED9F200487064 /* Basics */,
			);
		};
/* End PBXProject section */

/* Begin PBXResourcesBuildPhase section */
		BE8374662AEED9F200487064 /* Resources */ = {
			isa = PBXResourcesBuildPhase;
			buildActionMask = 2147483647;
			files = (
				BE8374732AEED9F300487064 /* Preview Assets.xcassets in Resources */,
				BE8374702AEED9F300487064 /* Assets.xcassets in Resources */,
			);
			runOnlyForDeploymentPostprocessing = 0;
		};
/* End PBXResourcesBuildPhase section */

/* Begin PBXSourcesBuildPhase section */
		BE8374642AEED9F200487064 /* Sources */ = {
			isa = PBXSourcesBuildPhase;
			buildActionMask = 2147483647;
			files = (
				BE0B45EC2AF01838005F0391 /* ReadingTextFromTextField.swift in Sources */,
				BE83747C2AEEE1F500487064 /* AddingNavigationBar.swift in Sources */,
				BE8374802AEEE6B000487064 /* CreatingPickersInForm.swift in Sources */,
				BE83747E2AEEE49100487064 /* ModifyingProgramState.swift in Sources */,
				BE83747A2AEEE02A00487064 /* CreatingForm.swift in Sources */,
				BE83746E2AEED9F200487064 /* CreatingViewsInLoop.swift in Sources */,
				BE83746C2AEED9F200487064 /* BasicsApp.swift in Sources */,
			);
			runOnlyForDeploymentPostprocessing = 0;
		};
/* End PBXSourcesBuildPhase section */

/* Begin XCBuildConfiguration section */
		BE8374742AEED9F300487064 /* Debug */ = {
			isa = XCBuildConfiguration;
			buildSettings = {
				ALWAYS_SEARCH_USER_PATHS = NO;
				CLANG_ANALYZER_NONNULL = YES;
				CLANG_ANALYZER_NUMBER_OBJECT_CONVERSION = YES_AGGRESSIVE;
				CLANG_CXX_LANGUAGE_STANDARD = "gnu++20";
				CLANG_ENABLE_MODULES = YES;
				CLANG_ENABLE_OBJC_ARC = YES;
				CLANG_ENABLE_OBJC_WEAK = YES;
				CLANG_WARN_BLOCK_CAPTURE_AUTORELEASING = YES;
				CLANG_WARN_BOOL_CONVERSION = YES;
				CLANG_WARN_COMMA = YES;
				CLANG_WARN_CONSTANT_CONVERSION = YES;
				CLANG_WARN_DEPRECATED_OBJC_IMPLEMENTATIONS = YES;
				CLANG_WARN_DIRECT_OBJC_ISA_USAGE = YES_ERROR;
				CLANG_WARN_DOCUMENTATION_COMMENTS = YES;
				CLANG_WARN_EMPTY_BODY = YES;
				CLANG_WARN_ENUM_CONVERSION = YES;
				CLANG_WARN_INFINITE_RECURSION = YES;
				CLANG_WARN_INT_CONVERSION = YES;
				CLANG_WARN_NON_LITERAL_NULL_CONVERSION = YES;
				CLANG_WARN_OBJC_IMPLICIT_RETAIN_SELF = YES;
				CLANG_WARN_OBJC_LITERAL_CONVERSION = YES;
				CLANG_WARN_OBJC_ROOT_CLASS = YES_ERROR;
				CLANG_WARN_QUOTED_INCLUDE_IN_FRAMEWORK_HEADER = YES;
				CLANG_WARN_RANGE_LOOP_ANALYSIS = YES;
				CLANG_WARN_STRICT_PROTOTYPES = YES;
				CLANG_WARN_SUSPICIOUS_MOVE = YES;
				CLANG_WARN_UNGUARDED_AVAILABILITY = YES_AGGRESSIVE;
				CLANG_WARN_UNREACHABLE_CODE = YES;
				CLANG_WARN__DUPLICATE_METHOD_MATCH = YES;
				COPY_PHASE_STRIP = NO;
				DEBUG_INFORMATION_FORMAT = dwarf;
				ENABLE_STRICT_OBJC_MSGSEND = YES;
				ENABLE_TESTABILITY = YES;
				GCC_C_LANGUAGE_STANDARD = gnu11;
				GCC_DYNAMIC_NO_PIC = NO;
				GCC_NO_COMMON_BLOCKS = YES;
				GCC_OPTIMIZATION_LEVEL = 0;
				GCC_PREPROCESSOR_DEFINITIONS = (
					"DEBUG=1",
					"$(inherited)",
				);
				GCC_WARN_64_TO_32_BIT_CONVERSION = YES;
				GCC_WARN_ABOUT_RETURN_TYPE = YES_ERROR;
				GCC_WARN_UNDECLARED_SELECTOR = YES;
				GCC_WARN_UNINITIALIZED_AUTOS = YES_AGGRESSIVE;
				GCC_WARN_UNUSED_FUNCTION = YES;
				GCC_WARN_UNUSED_VARIABLE = YES;
				IPHONEOS_DEPLOYMENT_TARGET = 16.4;
				MTL_ENABLE_DEBUG_INFO = INCLUDE_SOURCE;
				MTL_FAST_MATH = YES;
				ONLY_ACTIVE_ARCH = YES;
				SDKROOT = iphoneos;
				SWIFT_ACTIVE_COMPILATION_CONDITIONS = DEBUG;
				SWIFT_OPTIMIZATION_LEVEL = "-Onone";
			};
			name = Debug;
		};
		BE8374752AEED9F300487064 /* Release */ = {
			isa = XCBuildConfiguration;
			buildSettings = {
				ALWAYS_SEARCH_USER_PATHS = NO;
				CLANG_ANALYZER_NONNULL = YES;
				CLANG_ANALYZER_NUMBER_OBJECT_CONVERSION = YES_AGGRESSIVE;
				CLANG_CXX_LANGUAGE_STANDARD = "gnu++20";
				CLANG_ENABLE_MODULES = YES;
				CLANG_ENABLE_OBJC_ARC = YES;
				CLANG_ENABLE_OBJC_WEAK = YES;
				CLANG_WARN_BLOCK_CAPTURE_AUTORELEASING = YES;
				CLANG_WARN_BOOL_CONVERSION = YES;
				CLANG_WARN_COMMA = YES;
				CLANG_WARN_CONSTANT_CONVERSION = YES;
				CLANG_WARN_DEPRECATED_OBJC_IMPLEMENTATIONS = YES;
				CLANG_WARN_DIRECT_OBJC_ISA_USAGE = YES_ERROR;
				CLANG_WARN_DOCUMENTATION_COMMENTS = YES;
				CLANG_WARN_EMPTY_BODY = YES;
				CLANG_WARN_ENUM_CONVERSION = YES;
				CLANG_WARN_INFINITE_RECURSION = YES;
				CLANG_WARN_INT_CONVERSION = YES;
				CLANG_WARN_NON_LITERAL_NULL_CONVERSION = YES;
				CLANG_WARN_OBJC_IMPLICIT_RETAIN_SELF = YES;
				CLANG_WARN_OBJC_LITERAL_CONVERSION = YES;
				CLANG_WARN_OBJC_ROOT_CLASS = YES_ERROR;
				CLANG_WARN_QUOTED_INCLUDE_IN_FRAMEWORK_HEADER = YES;
				CLANG_WARN_RANGE_LOOP_ANALYSIS = YES;
				CLANG_WARN_STRICT_PROTOTYPES = YES;
				CLANG_WARN_SUSPICIOUS_MOVE = YES;
				CLANG_WARN_UNGUARDED_AVAILABILITY = YES_AGGRESSIVE;
				CLANG_WARN_UNREACHABLE_CODE = YES;
				CLANG_WARN__DUPLICATE_METHOD_MATCH = YES;
				COPY_PHASE_STRIP = NO;
				DEBUG_INFORMATION_FORMAT = "dwarf-with-dsym";
				ENABLE_NS_ASSERTIONS = NO;
				ENABLE_STRICT_OBJC_MSGSEND = YES;
				GCC_C_LANGUAGE_STANDARD = gnu11;
				GCC_NO_COMMON_BLOCKS = YES;
				GCC_WARN_64_TO_32_BIT_CONVERSION = YES;
				GCC_WARN_ABOUT_RETURN_TYPE = YES_ERROR;
				GCC_WARN_UNDECLARED_SELECTOR = YES;
				GCC_WARN_UNINITIALIZED_AUTOS = YES_AGGRESSIVE;
				GCC_WARN_UNUSED_FUNCTION = YES;
				GCC_WARN_UNUSED_VARIABLE = YES;
				IPHONEOS_DEPLOYMENT_TARGET = 16.4;
				MTL_ENABLE_DEBUG_INFO = NO;
				MTL_FAST_MATH = YES;
				SDKROOT = iphoneos;
				SWIFT_COMPILATION_MODE = wholemodule;
				SWIFT_OPTIMIZATION_LEVEL = "-O";
				VALIDATE_PRODUCT = YES;
			};
			name = Release;
		};
		BE8374772AEED9F300487064 /* Debug */ = {
			isa = XCBuildConfiguration;
			buildSettings = {
				ASSETCATALOG_COMPILER_APPICON_NAME = AppIcon;
				ASSETCATALOG_COMPILER_GLOBAL_ACCENT_COLOR_NAME = AccentColor;
				CODE_SIGN_STYLE = Automatic;
				CURRENT_PROJECT_VERSION = 1;
				DEVELOPMENT_ASSET_PATHS = "\"Basics/Preview Content\"";
				ENABLE_PREVIEWS = YES;
				GENERATE_INFOPLIST_FILE = YES;
				INFOPLIST_KEY_UIApplicationSceneManifest_Generation = YES;
				INFOPLIST_KEY_UIApplicationSupportsIndirectInputEvents = YES;
				INFOPLIST_KEY_UILaunchScreen_Generation = YES;
				INFOPLIST_KEY_UISupportedInterfaceOrientations_iPad = "UIInterfaceOrientationPortrait UIInterfaceOrientationPortraitUpsideDown UIInterfaceOrientationLandscapeLeft UIInterfaceOrientationLandscapeRight";
				INFOPLIST_KEY_UISupportedInterfaceOrientations_iPhone = "UIInterfaceOrientationPortrait UIInterfaceOrientationLandscapeLeft UIInterfaceOrientationLandscapeRight";
				LD_RUNPATH_SEARCH_PATHS = (
					"$(inherited)",
					"@executable_path/Frameworks",
				);
				MARKETING_VERSION = 1.0;
				PRODUCT_BUNDLE_IDENTIFIER = com.mtkarakul.Basics;
				PRODUCT_NAME = "$(TARGET_NAME)";
				SWIFT_EMIT_LOC_STRINGS = YES;
				SWIFT_VERSION = 5.0;
				TARGETED_DEVICE_FAMILY = "1,2";
			};
			name = Debug;
		};
		BE8374782AEED9F300487064 /* Release */ = {
			isa = XCBuildConfiguration;
			buildSettings = {
				ASSETCATALOG_COMPILER_APPICON_NAME = AppIcon;
				ASSETCATALOG_COMPILER_GLOBAL_ACCENT_COLOR_NAME = AccentColor;
				CODE_SIGN_STYLE = Automatic;
				CURRENT_PROJECT_VERSION = 1;
				DEVELOPMENT_ASSET_PATHS = "\"Basics/Preview Content\"";
				ENABLE_PREVIEWS = YES;
				GENERATE_INFOPLIST_FILE = YES;
				INFOPLIST_KEY_UIApplicationSceneManifest_Generation = YES;
				INFOPLIST_KEY_UIApplicationSupportsIndirectInputEvents = YES;
				INFOPLIST_KEY_UILaunchScreen_Generation = YES;
				INFOPLIST_KEY_UISupportedInterfaceOrientations_iPad = "UIInterfaceOrientationPortrait UIInterfaceOrientationPortraitUpsideDown UIInterfaceOrientationLandscapeLeft UIInterfaceOrientationLandscapeRight";
				INFOPLIST_KEY_UISupportedInterfaceOrientations_iPhone = "UIInterfaceOrientationPortrait UIInterfaceOrientationLandscapeLeft UIInterfaceOrientationLandscapeRight";
				LD_RUNPATH_SEARCH_PATHS = (
					"$(inherited)",
					"@executable_path/Frameworks",
				);
				MARKETING_VERSION = 1.0;
				PRODUCT_BUNDLE_IDENTIFIER = com.mtkarakul.Basics;
				PRODUCT_NAME = "$(TARGET_NAME)";
				SWIFT_EMIT_LOC_STRINGS = YES;
				SWIFT_VERSION = 5.0;
				TARGETED_DEVICE_FAMILY = "1,2";
			};
			name = Release;
		};
/* End XCBuildConfiguration section */

/* Begin XCConfigurationList section */
		BE8374632AEED9F200487064 /* Build configuration list for PBXProject "Basics" */ = {
			isa = XCConfigurationList;
			buildConfigurations = (
				BE8374742AEED9F300487064 /* Debug */,
				BE8374752AEED9F300487064 /* Release */,
			);
			defaultConfigurationIsVisible = 0;
			defaultConfigurationName = Release;
		};
		BE8374762AEED9F300487064 /* Build configuration list for PBXNativeTarget "Basics" */ = {
			isa = XCConfigurationList;
			buildConfigurations = (
				BE8374772AEED9F300487064 /* Debug */,
				BE8374782AEED9F300487064 /* Release */,
			);
			defaultConfigurationIsVisible = 0;
			defaultConfigurationName = Release;
		};
/* End XCConfigurationList section */
	};
	rootObject = BE8374602AEED9F200487064 /* Project object */;
}
